
Microsoft Visual Studio Solution File, Format Version 12.00
# Visual Studio Version 17
VisualStudioVersion = 17.6.33712.159
MinimumVisualStudioVersion = 10.0.40219.1
Project("{FAE04EC0-301F-11D3-BF4B-00C04F79EFBC}") = "MyCalculator", "MyCalculator\MyCalculator.csproj", "{EA97893D-3E75-4F35-AE89-9BD8164FBA57}"
EndProject
Global
	GlobalSection(SolutionConfigurationPlatforms) = preSolution
		Debug|Any CPU = Debug|Any CPU
		Release|Any CPU = Release|Any CPU
	EndGlobalSection
	GlobalSection(ProjectConfigurationPlatforms) = postSolution
		{EA97893D-3E75-4F35-AE89-9BD8164FBA57}.Debug|Any CPU.ActiveCfg = Debug|Any CPU
		{EA97893D-3E75-4F35-AE89-9BD8164FBA57}.Debug|Any CPU.Build.0 = Debug|Any CPU
		{EA97893D-3E75-4F35-AE89-9BD8164FBA57}.Release|Any CPU.ActiveCfg = Release|Any CPU
		{EA97893D-3E75-4F35-AE89-9BD8164FBA57}.Release|Any CPU.Build.0 = Release|Any CPU
	EndGlobalSection
	GlobalSection(SolutionProperties) = preSolution
		HideSolutionNode = FALSE
	EndGlobalSection
	GlobalSection(ExtensibilityGlobals) = postSolution
		SolutionGuid = {DBD860BA-2FF3-47D3-BA22-4B535689D2F4}
	EndGlobalSection
EndGlobal
